{
    "name": "jte-template-syntax-highlight",
    "version": "1.0.3",
    "lockfileVersion": 3,
    "requires": true,
    "packages": {
        "": {
            "name": "jte-template-syntax-highlight",
            "version": "1.0.3",
            "engines": {
                "vscode": "^1.66.0"
            }
        }
    }
}
